// !$*UTF8*$!
{
	archiveVersion = 1;
	classes = {
	};
	objectVersion = 77;
	objects = {

/* Begin PBXContainerItemProxy section */
		F4A8F8762D2FE905008656C7 /* PBXContainerItemProxy */ = {
			isa = PBXContainerItemProxy;
			containerPortal = F4A8F85D2D2FE903008656C7 /* Project object */;
			proxyType = 1;
			remoteGlobalIDString = F4A8F8642D2FE903008656C7;
			remoteInfo = MappingEurope;
		};
		F4A8F8802D2FE905008656C7 /* PBXContainerItemProxy */ = {
			isa = PBXContainerItemProxy;
			containerPortal = F4A8F85D2D2FE903008656C7 /* Project object */;
			proxyType = 1;
			remoteGlobalIDString = F4A8F8642D2FE903008656C7;
			remoteInfo = MappingEurope;
		};
/* End PBXContainerItemProxy section */

/* Begin PBXFileReference section */
		F4A8F8652D2FE903008656C7 /* MappingEurope.app */ = {isa = PBXFileReference; explicitFileType = wrapper.application; includeInIndex = 0; path = MappingEurope.app; sourceTree = BUILT_PRODUCTS_DIR; };
		F4A8F8752D2FE905008656C7 /* MappingEuropeTests.xctest */ = {isa = PBXFileReference; explicitFileType = wrapper.cfbundle; includeInIndex = 0; path = MappingEuropeTests.xctest; sourceTree = BUILT_PRODUCTS_DIR; };
		F4A8F87F2D2FE905008656C7 /* MappingEuropeUITests.xctest */ = {isa = PBXFileReference; explicitFileType = wrapper.cfbundle; includeInIndex = 0; path = MappingEuropeUITests.xctest; sourceTree = BUILT_PRODUCTS_DIR; };
/* End PBXFileReference section */

/* Begin PBXFileSystemSynchronizedRootGroup section */
		F4A8F8672D2FE903008656C7 /* MappingEurope */ = {
			isa = PBXFileSystemSynchronizedRootGroup;
			path = MappingEurope;
			sourceTree = "<group>";
		};
		F4A8F8782D2FE905008656C7 /* MappingEuropeTests */ = {
			isa = PBXFileSystemSynchronizedRootGroup;
			path = MappingEuropeTests;
			sourceTree = "<group>";
		};
		F4A8F8822D2FE905008656C7 /* MappingEuropeUITests */ = {
			isa = PBXFileSystemSynchronizedRootGroup;
			path = MappingEuropeUITests;
			sourceTree = "<group>";
		};
/* End PBXFileSystemSynchronizedRootGroup section */

/* Begin PBXFrameworksBuildPhase section */
		F4A8F8622D2FE903008656C7 /* Frameworks */ = {
			isa = PBXFrameworksBuildPhase;
			buildActionMask = 2147483647;
			files = (
			);
			runOnlyForDeploymentPostprocessing = 0;
		};
		F4A8F8722D2FE905008656C7 /* Frameworks */ = {
			isa = PBXFrameworksBuildPhase;
			buildActionMask = 2147483647;
			files = (
			);
			runOnlyForDeploymentPostprocessing = 0;
		};
		F4A8F87C2D2FE905008656C7 /* Frameworks */ = {
			isa = PBXFrameworksBuildPhase;
			buildActionMask = 2147483647;
			files = (
			);
			runOnlyForDeploymentPostprocessing = 0;
		};
/* End PBXFrameworksBuildPhase section */

/* Begin PBXGroup section */
		F4A8F85C2D2FE903008656C7 = {
			isa = PBXGroup;
			children = (
				F4A8F8672D2FE903008656C7 /* MappingEurope */,
				F4A8F8782D2FE905008656C7 /* MappingEuropeTests */,
				F4A8F8822D2FE905008656C7 /* MappingEuropeUITests */,
				F4A8F8662D2FE903008656C7 /* Products */,
			);
			sourceTree = "<group>";
		};
		F4A8F8662D2FE903008656C7 /* Products */ = {
			isa = PBXGroup;
			children = (
				F4A8F8652D2FE903008656C7 /* MappingEurope.app */,
				F4A8F8752D2FE905008656C7 /* MappingEuropeTests.xctest */,
				F4A8F87F2D2FE905008656C7 /* MappingEuropeUITests.xctest */,
			);
			name = Products;
			sourceTree = "<group>";
		};
/* End PBXGroup section */

/* Begin PBXNativeTarget section */
		F4A8F8642D2FE903008656C7 /* MappingEurope */ = {
			isa = PBXNativeTarget;
			buildConfigurationList = F4A8F8892D2FE905008656C7 /* Build configuration list for PBXNativeTarget "MappingEurope" */;
			buildPhases = (
				F4A8F8612D2FE903008656C7 /* Sources */,
				F4A8F8622D2FE903008656C7 /* Frameworks */,
				F4A8F8632D2FE903008656C7 /* Resources */,
			);
			buildRules = (
			);
			dependencies = (
			);
			fileSystemSynchronizedGroups = (
				F4A8F8672D2FE903008656C7 /* MappingEurope */,
			);
			name = MappingEurope;
			packageProductDependencies = (
			);
			productName = MappingEurope;
			productReference = F4A8F8652D2FE903008656C7 /* MappingEurope.app */;
			productType = "com.apple.product-type.application";
		};
		F4A8F8742D2FE905008656C7 /* MappingEuropeTests */ = {
			isa = PBXNativeTarget;
			buildConfigurationList = F4A8F88C2D2FE905008656C7 /* Build configuration list for PBXNativeTarget "MappingEuropeTests" */;
			buildPhases = (
				F4A8F8712D2FE905008656C7 /* Sources */,
				F4A8F8722D2FE905008656C7 /* Frameworks */,
				F4A8F8732D2FE905008656C7 /* Resources */,
			);
			buildRules = (
			);
			dependencies = (
				F4A8F8772D2FE905008656C7 /* PBXTargetDependency */,
			);
			fileSystemSynchronizedGroups = (
				F4A8F8782D2FE905008656C7 /* MappingEuropeTests */,
			);
			name = MappingEuropeTests;
			packageProductDependencies = (
			);
			productName = MappingEuropeTests;
			productReference = F4A8F8752D2FE905008656C7 /* MappingEuropeTests.xctest */;
			productType = "com.apple.product-type.bundle.unit-test";
		};
		F4A8F87E2D2FE905008656C7 /* MappingEuropeUITests */ = {
			isa = PBXNativeTarget;
			buildConfigurationList = F4A8F88F2D2FE905008656C7 /* Build configuration list for PBXNativeTarget "MappingEuropeUITests" */;
			buildPhases = (
				F4A8F87B2D2FE905008656C7 /* Sources */,
				F4A8F87C2D2FE905008656C7 /* Frameworks */,
				F4A8F87D2D2FE905008656C7 /* Resources */,
			);
			buildRules = (
			);
			dependencies = (
				F4A8F8812D2FE905008656C7 /* PBXTargetDependency */,
			);
			fileSystemSynchronizedGroups = (
				F4A8F8822D2FE905008656C7 /* MappingEuropeUITests */,
			);
			name = MappingEuropeUITests;
			packageProductDependencies = (
			);
			productName = MappingEuropeUITests;
			productReference = F4A8F87F2D2FE905008656C7 /* MappingEuropeUITests.xctest */;
			productType = "com.apple.product-type.bundle.ui-testing";
		};
/* End PBXNativeTarget section */

/* Begin PBXProject section */
		F4A8F85D2D2FE903008656C7 /* Project object */ = {
			isa = PBXProject;
			attributes = {
				BuildIndependentTargetsInParallel = 1;
				LastSwiftUpdateCheck = 1620;
				LastUpgradeCheck = 1620;
				TargetAttributes = {
					F4A8F8642D2FE903008656C7 = {
						CreatedOnToolsVersion = 16.2;
					};
					F4A8F8742D2FE905008656C7 = {
						CreatedOnToolsVersion = 16.2;
						TestTargetID = F4A8F8642D2FE903008656C7;
					};
					F4A8F87E2D2FE905008656C7 = {
						CreatedOnToolsVersion = 16.2;
						TestTargetID = F4A8F8642D2FE903008656C7;
					};
				};
			};
			buildConfigurationList = F4A8F8602D2FE903008656C7 /* Build configuration list for PBXProject "MappingEurope" */;
			developmentRegion = en;
			hasScannedForEncodings = 0;
			knownRegions = (
				en,
				Base,
			);
			mainGroup = F4A8F85C2D2FE903008656C7;
			minimizedProjectReferenceProxies = 1;
			preferredProjectObjectVersion = 77;
			productRefGroup = F4A8F8662D2FE903008656C7 /* Products */;
			projectDirPath = "";
			projectRoot = "";
			targets = (
				F4A8F8642D2FE903008656C7 /* MappingEurope */,
				F4A8F8742D2FE905008656C7 /* MappingEuropeTests */,
				F4A8F87E2D2FE905008656C7 /* MappingEuropeUITests */,
			);
		};
/* End PBXProject section */

/* Begin PBXResourcesBuildPhase section */
		F4A8F8632D2FE903008656C7 /* Resources */ = {
			isa = PBXResourcesBuildPhase;
			buildActionMask = 2147483647;
			files = (
			);
			runOnlyForDeploymentPostprocessing = 0;
		};
		F4A8F8732D2FE905008656C7 /* Resources */ = {
			isa = PBXResourcesBuildPhase;
			buildActionMask = 2147483647;
			files = (
			);
			runOnlyForDeploymentPostprocessing = 0;
		};
		F4A8F87D2D2FE905008656C7 /* Resources */ = {
			isa = PBXResourcesBuildPhase;
			buildActionMask = 2147483647;
			files = (
			);
			runOnlyForDeploymentPostprocessing = 0;
		};
/* End PBXResourcesBuildPhase section */

/* Begin PBXSourcesBuildPhase section */
		F4A8F8612D2FE903008656C7 /* Sources */ = {
			isa = PBXSourcesBuildPhase;
			buildActionMask = 2147483647;
			files = (
			);
			runOnlyForDeploymentPostprocessing = 0;
		};
		F4A8F8712D2FE905008656C7 /* Sources */ = {
			isa = PBXSourcesBuildPhase;
			buildActionMask = 2147483647;
			files = (
			);
			runOnlyForDeploymentPostprocessing = 0;
		};
		F4A8F87B2D2FE905008656C7 /* Sources */ = {
			isa = PBXSourcesBuildPhase;
			buildActionMask = 2147483647;
			files = (
			);
			runOnlyForDeploymentPostprocessing = 0;
		};
/* End PBXSourcesBuildPhase section */

/* Begin PBXTargetDependency section */
		F4A8F8772D2FE905008656C7 /* PBXTargetDependency */ = {
			isa = PBXTargetDependency;
			target = F4A8F8642D2FE903008656C7 /* MappingEurope */;
			targetProxy = F4A8F8762D2FE905008656C7 /* PBXContainerItemProxy */;
		};
		F4A8F8812D2FE905008656C7 /* PBXTargetDependency */ = {
			isa = PBXTargetDependency;
			target = F4A8F8642D2FE903008656C7 /* MappingEurope */;
			targetProxy = F4A8F8802D2FE905008656C7 /* PBXContainerItemProxy */;
		};
/* End PBXTargetDependency section */

/* Begin XCBuildConfiguration section */
		F4A8F8872D2FE905008656C7 /* Debug */ = {
			isa = XCBuildConfiguration;
			buildSettings = {
				ALWAYS_SEARCH_USER_PATHS = NO;
				ASSETCATALOG_COMPILER_GENERATE_SWIFT_ASSET_SYMBOL_EXTENSIONS = YES;
				CLANG_ANALYZER_NONNULL = YES;
				CLANG_ANALYZER_NUMBER_OBJECT_CONVERSION = YES_AGGRESSIVE;
				CLANG_CXX_LANGUAGE_STANDARD = "gnu++20";
				CLANG_ENABLE_MODULES = YES;
				CLANG_ENABLE_OBJC_ARC = YES;
				CLANG_ENABLE_OBJC_WEAK = YES;
				CLANG_WARN_BLOCK_CAPTURE_AUTORELEASING = YES;
				CLANG_WARN_BOOL_CONVERSION = YES;
				CLANG_WARN_COMMA = YES;
				CLANG_WARN_CONSTANT_CONVERSION = YES;
				CLANG_WARN_DEPRECATED_OBJC_IMPLEMENTATIONS = YES;
				CLANG_WARN_DIRECT_OBJC_ISA_USAGE = YES_ERROR;
				CLANG_WARN_DOCUMENTATION_COMMENTS = YES;
				CLANG_WARN_EMPTY_BODY = YES;
				CLANG_WARN_ENUM_CONVERSION = YES;
				CLANG_WARN_INFINITE_RECURSION = YES;
				CLANG_WARN_INT_CONVERSION = YES;
				CLANG_WARN_NON_LITERAL_NULL_CONVERSION = YES;
				CLANG_WARN_OBJC_IMPLICIT_RETAIN_SELF = YES;
				CLANG_WARN_OBJC_LITERAL_CONVERSION = YES;
				CLANG_WARN_OBJC_ROOT_CLASS = YES_ERROR;
				CLANG_WARN_QUOTED_INCLUDE_IN_FRAMEWORK_HEADER = YES;
				CLANG_WARN_RANGE_LOOP_ANALYSIS = YES;
				CLANG_WARN_STRICT_PROTOTYPES = YES;
				CLANG_WARN_SUSPICIOUS_MOVE = YES;
				CLANG_WARN_UNGUARDED_AVAILABILITY = YES_AGGRESSIVE;
				CLANG_WARN_UNREACHABLE_CODE = YES;
				CLANG_WARN__DUPLICATE_METHOD_MATCH = YES;
				COPY_PHASE_STRIP = NO;
				DEBUG_INFORMATION_FORMAT = dwarf;
				ENABLE_STRICT_OBJC_MSGSEND = YES;
				ENABLE_TESTABILITY = YES;
				ENABLE_USER_SCRIPT_SANDBOXING = YES;
				GCC_C_LANGUAGE_STANDARD = gnu17;
				GCC_DYNAMIC_NO_PIC = NO;
				GCC_NO_COMMON_BLOCKS = YES;
				GCC_OPTIMIZATION_LEVEL = 0;
				GCC_PREPROCESSOR_DEFINITIONS = (
					"DEBUG=1",
					"$(inherited)",
				);
				GCC_WARN_64_TO_32_BIT_CONVERSION = YES;
				GCC_WARN_ABOUT_RETURN_TYPE = YES_ERROR;
				GCC_WARN_UNDECLARED_SELECTOR = YES;
				GCC_WARN_UNINITIALIZED_AUTOS = YES_AGGRESSIVE;
				GCC_WARN_UNUSED_FUNCTION = YES;
				GCC_WARN_UNUSED_VARIABLE = YES;
				IPHONEOS_DEPLOYMENT_TARGET = 18.2;
				LOCALIZATION_PREFERS_STRING_CATALOGS = YES;
				MTL_ENABLE_DEBUG_INFO = INCLUDE_SOURCE;
				MTL_FAST_MATH = YES;
				ONLY_ACTIVE_ARCH = YES;
				SDKROOT = iphoneos;
				SWIFT_ACTIVE_COMPILATION_CONDITIONS = "DEBUG $(inherited)";
				SWIFT_OPTIMIZATION_LEVEL = "-Onone";
			};
			name = Debug;
		};
		F4A8F8882D2FE905008656C7 /* Release */ = {
			isa = XCBuildConfiguration;
			buildSettings = {
				ALWAYS_SEARCH_USER_PATHS = NO;
				ASSETCATALOG_COMPILER_GENERATE_SWIFT_ASSET_SYMBOL_EXTENSIONS = YES;
				CLANG_ANALYZER_NONNULL = YES;
				CLANG_ANALYZER_NUMBER_OBJECT_CONVERSION = YES_AGGRESSIVE;
				CLANG_CXX_LANGUAGE_STANDARD = "gnu++20";
				CLANG_ENABLE_MODULES = YES;
				CLANG_ENABLE_OBJC_ARC = YES;
				CLANG_ENABLE_OBJC_WEAK = YES;
				CLANG_WARN_BLOCK_CAPTURE_AUTORELEASING = YES;
				CLANG_WARN_BOOL_CONVERSION = YES;
				CLANG_WARN_COMMA = YES;
				CLANG_WARN_CONSTANT_CONVERSION = YES;
				CLANG_WARN_DEPRECATED_OBJC_IMPLEMENTATIONS = YES;
				CLANG_WARN_DIRECT_OBJC_ISA_USAGE = YES_ERROR;
				CLANG_WARN_DOCUMENTATION_COMMENTS = YES;
				CLANG_WARN_EMPTY_BODY = YES;
				CLANG_WARN_ENUM_CONVERSION = YES;
				CLANG_WARN_INFINITE_RECURSION = YES;
				CLANG_WARN_INT_CONVERSION = YES;
				CLANG_WARN_NON_LITERAL_NULL_CONVERSION = YES;
				CLANG_WARN_OBJC_IMPLICIT_RETAIN_SELF = YES;
				CLANG_WARN_OBJC_LITERAL_CONVERSION = YES;
				CLANG_WARN_OBJC_ROOT_CLASS = YES_ERROR;
				CLANG_WARN_QUOTED_INCLUDE_IN_FRAMEWORK_HEADER = YES;
				CLANG_WARN_RANGE_LOOP_ANALYSIS = YES;
				CLANG_WARN_STRICT_PROTOTYPES = YES;
				CLANG_WARN_SUSPICIOUS_MOVE = YES;
				CLANG_WARN_UNGUARDED_AVAILABILITY = YES_AGGRESSIVE;
				CLANG_WARN_UNREACHABLE_CODE = YES;
				CLANG_WARN__DUPLICATE_METHOD_MATCH = YES;
				COPY_PHASE_STRIP = NO;
				DEBUG_INFORMATION_FORMAT = "dwarf-with-dsym";
				ENABLE_NS_ASSERTIONS = NO;
				ENABLE_STRICT_OBJC_MSGSEND = YES;
				ENABLE_USER_SCRIPT_SANDBOXING = YES;
				GCC_C_LANGUAGE_STANDARD = gnu17;
				GCC_NO_COMMON_BLOCKS = YES;
				GCC_WARN_64_TO_32_BIT_CONVERSION = YES;
				GCC_WARN_ABOUT_RETURN_TYPE = YES_ERROR;
				GCC_WARN_UNDECLARED_SELECTOR = YES;
				GCC_WARN_UNINITIALIZED_AUTOS = YES_AGGRESSIVE;
				GCC_WARN_UNUSED_FUNCTION = YES;
				GCC_WARN_UNUSED_VARIABLE = YES;
				IPHONEOS_DEPLOYMENT_TARGET = 18.2;
				LOCALIZATION_PREFERS_STRING_CATALOGS = YES;
				MTL_ENABLE_DEBUG_INFO = NO;
				MTL_FAST_MATH = YES;
				SDKROOT = iphoneos;
				SWIFT_COMPILATION_MODE = wholemodule;
				VALIDATE_PRODUCT = YES;
			};
			name = Release;
		};
		F4A8F88A2D2FE905008656C7 /* Debug */ = {
			isa = XCBuildConfiguration;
			buildSettings = {
				ASSETCATALOG_COMPILER_APPICON_NAME = AppIcon;
				ASSETCATALOG_COMPILER_GLOBAL_ACCENT_COLOR_NAME = AccentColor;
				CODE_SIGN_STYLE = Automatic;
				CURRENT_PROJECT_VERSION = 1;
				DEVELOPMENT_ASSET_PATHS = "\"MappingEurope/Preview Content\"";
				ENABLE_PREVIEWS = YES;
				GENERATE_INFOPLIST_FILE = YES;
				INFOPLIST_KEY_UIApplicationSceneManifest_Generation = YES;
				INFOPLIST_KEY_UIApplicationSupportsIndirectInputEvents = YES;
				INFOPLIST_KEY_UILaunchScreen_Generation = YES;
				INFOPLIST_KEY_UISupportedInterfaceOrientations_iPad = "UIInterfaceOrientationPortrait UIInterfaceOrientationPortraitUpsideDown UIInterfaceOrientationLandscapeLeft UIInterfaceOrientationLandscapeRight";
				INFOPLIST_KEY_UISupportedInterfaceOrientations_iPhone = "UIInterfaceOrientationPortrait UIInterfaceOrientationLandscapeLeft UIInterfaceOrientationLandscapeRight";
				LD_RUNPATH_SEARCH_PATHS = (
					"$(inherited)",
					"@executable_path/Frameworks",
				);
				MARKETING_VERSION = 1.0;
				PRODUCT_BUNDLE_IDENTIFIER = com.myorganisation.MappingEurope;
				PRODUCT_NAME = "$(TARGET_NAME)";
				SWIFT_EMIT_LOC_STRINGS = YES;
				SWIFT_VERSION = 5.0;
				TARGETED_DEVICE_FAMILY = "1,2";
			};
			name = Debug;
		};
		F4A8F88B2D2FE905008656C7 /* Release */ = {
			isa = XCBuildConfiguration;
			buildSettings = {
				ASSETCATALOG_COMPILER_APPICON_NAME = AppIcon;
				ASSETCATALOG_COMPILER_GLOBAL_ACCENT_COLOR_NAME = AccentColor;
				CODE_SIGN_STYLE = Automatic;
				CURRENT_PROJECT_VERSION = 1;
				DEVELOPMENT_ASSET_PATHS = "\"MappingEurope/Preview Content\"";
				ENABLE_PREVIEWS = YES;
				GENERATE_INFOPLIST_FILE = YES;
				INFOPLIST_KEY_UIApplicationSceneManifest_Generation = YES;
				INFOPLIST_KEY_UIApplicationSupportsIndirectInputEvents = YES;
				INFOPLIST_KEY_UILaunchScreen_Generation = YES;
				INFOPLIST_KEY_UISupportedInterfaceOrientations_iPad = "UIInterfaceOrientationPortrait UIInterfaceOrientationPortraitUpsideDown UIInterfaceOrientationLandscapeLeft UIInterfaceOrientationLandscapeRight";
				INFOPLIST_KEY_UISupportedInterfaceOrientations_iPhone = "UIInterfaceOrientationPortrait UIInterfaceOrientationLandscapeLeft UIInterfaceOrientationLandscapeRight";
				LD_RUNPATH_SEARCH_PATHS = (
					"$(inherited)",
					"@executable_path/Frameworks",
				);
				MARKETING_VERSION = 1.0;
				PRODUCT_BUNDLE_IDENTIFIER = com.myorganisation.MappingEurope;
				PRODUCT_NAME = "$(TARGET_NAME)";
				SWIFT_EMIT_LOC_STRINGS = YES;
				SWIFT_VERSION = 5.0;
				TARGETED_DEVICE_FAMILY = "1,2";
			};
			name = Release;
		};
		F4A8F88D2D2FE905008656C7 /* Debug */ = {
			isa = XCBuildConfiguration;
			buildSettings = {
				BUNDLE_LOADER = "$(TEST_HOST)";
				CODE_SIGN_STYLE = Automatic;
				CURRENT_PROJECT_VERSION = 1;
				GENERATE_INFOPLIST_FILE = YES;
				IPHONEOS_DEPLOYMENT_TARGET = 18.2;
				MARKETING_VERSION = 1.0;
				PRODUCT_BUNDLE_IDENTIFIER = com.myorganisation.MappingEuropeTests;
				PRODUCT_NAME = "$(TARGET_NAME)";
				SWIFT_EMIT_LOC_STRINGS = NO;
				SWIFT_VERSION = 5.0;
				TARGETED_DEVICE_FAMILY = "1,2";
				TEST_HOST = "$(BUILT_PRODUCTS_DIR)/MappingEurope.app/$(BUNDLE_EXECUTABLE_FOLDER_PATH)/MappingEurope";
			};
			name = Debug;
		};
		F4A8F88E2D2FE905008656C7 /* Release */ = {
			isa = XCBuildConfiguration;
			buildSettings = {
				BUNDLE_LOADER = "$(TEST_HOST)";
				CODE_SIGN_STYLE = Automatic;
				CURRENT_PROJECT_VERSION = 1;
				GENERATE_INFOPLIST_FILE = YES;
				IPHONEOS_DEPLOYMENT_TARGET = 18.2;
				MARKETING_VERSION = 1.0;
				PRODUCT_BUNDLE_IDENTIFIER = com.myorganisation.MappingEuropeTests;
				PRODUCT_NAME = "$(TARGET_NAME)";
				SWIFT_EMIT_LOC_STRINGS = NO;
				SWIFT_VERSION = 5.0;
				TARGETED_DEVICE_FAMILY = "1,2";
				TEST_HOST = "$(BUILT_PRODUCTS_DIR)/MappingEurope.app/$(BUNDLE_EXECUTABLE_FOLDER_PATH)/MappingEurope";
			};
			name = Release;
		};
		F4A8F8902D2FE905008656C7 /* Debug */ = {
			isa = XCBuildConfiguration;
			buildSettings = {
				CODE_SIGN_STYLE = Automatic;
				CURRENT_PROJECT_VERSION = 1;
				GENERATE_INFOPLIST_FILE = YES;
				MARKETING_VERSION = 1.0;
				PRODUCT_BUNDLE_IDENTIFIER = com.myorganisation.MappingEuropeUITests;
				PRODUCT_NAME = "$(TARGET_NAME)";
				SWIFT_EMIT_LOC_STRINGS = NO;
				SWIFT_VERSION = 5.0;
				TARGETED_DEVICE_FAMILY = "1,2";
				TEST_TARGET_NAME = MappingEurope;
			};
			name = Debug;
		};
		F4A8F8912D2FE905008656C7 /* Release */ = {
			isa = XCBuildConfiguration;
			buildSettings = {
				CODE_SIGN_STYLE = Automatic;
				CURRENT_PROJECT_VERSION = 1;
				GENERATE_INFOPLIST_FILE = YES;
				MARKETING_VERSION = 1.0;
				PRODUCT_BUNDLE_IDENTIFIER = com.myorganisation.MappingEuropeUITests;
				PRODUCT_NAME = "$(TARGET_NAME)";
				SWIFT_EMIT_LOC_STRINGS = NO;
				SWIFT_VERSION = 5.0;
				TARGETED_DEVICE_FAMILY = "1,2";
				TEST_TARGET_NAME = MappingEurope;
			};
			name = Release;
		};
/* End XCBuildConfiguration section */

/* Begin XCConfigurationList section */
		F4A8F8602D2FE903008656C7 /* Build configuration list for PBXProject "MappingEurope" */ = {
			isa = XCConfigurationList;
			buildConfigurations = (
				F4A8F8872D2FE905008656C7 /* Debug */,
				F4A8F8882D2FE905008656C7 /* Release */,
			);
			defaultConfigurationIsVisible = 0;
			defaultConfigurationName = Release;
		};
		F4A8F8892D2FE905008656C7 /* Build configuration list for PBXNativeTarget "MappingEurope" */ = {
			isa = XCConfigurationList;
			buildConfigurations = (
				F4A8F88A2D2FE905008656C7 /* Debug */,
				F4A8F88B2D2FE905008656C7 /* Release */,
			);
			defaultConfigurationIsVisible = 0;
			defaultConfigurationName = Release;
		};
		F4A8F88C2D2FE905008656C7 /* Build configuration list for PBXNativeTarget "MappingEuropeTests" */ = {
			isa = XCConfigurationList;
			buildConfigurations = (
				F4A8F88D2D2FE905008656C7 /* Debug */,
				F4A8F88E2D2FE905008656C7 /* Release */,
			);
			defaultConfigurationIsVisible = 0;
			defaultConfigurationName = Release;
		};
		F4A8F88F2D2FE905008656C7 /* Build configuration list for PBXNativeTarget "MappingEuropeUITests" */ = {
			isa = XCConfigurationList;
			buildConfigurations = (
				F4A8F8902D2FE905008656C7 /* Debug */,
				F4A8F8912D2FE905008656C7 /* Release */,
			);
			defaultConfigurationIsVisible = 0;
			defaultConfigurationName = Release;
		};
/* End XCConfigurationList section */
	};
	rootObject = F4A8F85D2D2FE903008656C7 /* Project object */;
}
